
Microsoft Visual Studio Solution File, Format Version 12.00
# Visual Studio 14
VisualStudioVersion = 14.0.25420.1
MinimumVisualStudioVersion = 10.0.40219.1
Project("{FAE04EC0-301F-11D3-BF4B-00C04F79EFBC}") = "MahjongYakuBot", "MahjongYakuBot\MahjongYakuBot.csproj", "{4FC65615-2AE4-4FB9-89AC-65F783D973F4}"
EndProject
Project("{2150E333-8FDC-42A3-9474-1A3956D46DE8}") = "Solution Items", "Solution Items", "{6316CBEC-1F29-44D0-87FA-C633E32F9F25}"
EndProject
Project("{FAE04EC0-301F-11D3-BF4B-00C04F79EFBC}") = "MahjongYakuBotTests", "MahjongYakuBotTests\MahjongYakuBotTests.csproj", "{ECC44DF7-719C-413B-88A6-D6C4DD6E5630}"
EndProject
Project("{FAE04EC0-301F-11D3-BF4B-00C04F79EFBC}") = "Twitter", "Twitter\Twitter.csproj", "{3174DAB2-C686-4298-A7C8-D03E83C2D606}"
EndProject
Project("{FAE04EC0-301F-11D3-BF4B-00C04F79EFBC}") = "Mahjong", "Mahjong\Mahjong.csproj", "{DB750FBA-BFAB-4F94-BEF3-92D58EF3688E}"
EndProject
Global
	GlobalSection(SolutionConfigurationPlatforms) = preSolution
		Debug|Any CPU = Debug|Any CPU
		Release|Any CPU = Release|Any CPU
	EndGlobalSection
	GlobalSection(ProjectConfigurationPlatforms) = postSolution
		{4FC65615-2AE4-4FB9-89AC-65F783D973F4}.Debug|Any CPU.ActiveCfg = Debug|Any CPU
		{4FC65615-2AE4-4FB9-89AC-65F783D973F4}.Debug|Any CPU.Build.0 = Debug|Any CPU
		{4FC65615-2AE4-4FB9-89AC-65F783D973F4}.Release|Any CPU.ActiveCfg = Release|Any CPU
		{4FC65615-2AE4-4FB9-89AC-65F783D973F4}.Release|Any CPU.Build.0 = Release|Any CPU
		{ECC44DF7-719C-413B-88A6-D6C4DD6E5630}.Debug|Any CPU.ActiveCfg = Debug|Any CPU
		{ECC44DF7-719C-413B-88A6-D6C4DD6E5630}.Debug|Any CPU.Build.0 = Debug|Any CPU
		{ECC44DF7-719C-413B-88A6-D6C4DD6E5630}.Release|Any CPU.ActiveCfg = Release|Any CPU
		{ECC44DF7-719C-413B-88A6-D6C4DD6E5630}.Release|Any CPU.Build.0 = Release|Any CPU
		{3174DAB2-C686-4298-A7C8-D03E83C2D606}.Debug|Any CPU.ActiveCfg = Debug|Any CPU
		{3174DAB2-C686-4298-A7C8-D03E83C2D606}.Debug|Any CPU.Build.0 = Debug|Any CPU
		{3174DAB2-C686-4298-A7C8-D03E83C2D606}.Release|Any CPU.ActiveCfg = Release|Any CPU
		{3174DAB2-C686-4298-A7C8-D03E83C2D606}.Release|Any CPU.Build.0 = Release|Any CPU
		{DB750FBA-BFAB-4F94-BEF3-92D58EF3688E}.Debug|Any CPU.ActiveCfg = Debug|Any CPU
		{DB750FBA-BFAB-4F94-BEF3-92D58EF3688E}.Debug|Any CPU.Build.0 = Debug|Any CPU
		{DB750FBA-BFAB-4F94-BEF3-92D58EF3688E}.Release|Any CPU.ActiveCfg = Release|Any CPU
		{DB750FBA-BFAB-4F94-BEF3-92D58EF3688E}.Release|Any CPU.Build.0 = Release|Any CPU
	EndGlobalSection
	GlobalSection(SolutionProperties) = preSolution
		HideSolutionNode = FALSE
	EndGlobalSection
EndGlobal
